
Microsoft Visual Studio Solution File, Format Version 12.00
# Visual Studio Version 16
VisualStudioVersion = 16.0.29020.237
MinimumVisualStudioVersion = 10.0.40219.1
Project("{2150E333-8FDC-42A3-9474-1A3956D46DE8}") = "src", "src", "{3CBD4825-7561-4ADA-95A4-5DF203BBEEAA}"
	ProjectSection(SolutionItems) = preProject
		src\Directory.Build.props = src\Directory.Build.props
		src\Directory.Build.targets = src\Directory.Build.targets
	EndProjectSection
EndProject
Project("{2150E333-8FDC-42A3-9474-1A3956D46DE8}") = "Solution Items", "Solution Items", "{22C03203-2204-4666-9285-BBC952F48B2E}"
	ProjectSection(SolutionItems) = preProject
		.editorconfig = .editorconfig
		.gitattributes = .gitattributes
		.gitignore = .gitignore
		appveyor.yml = appveyor.yml
		Directory.Build.props = Directory.Build.props
		Directory.Build.targets = Directory.Build.targets
		LICENSE = LICENSE
		README.md = README.md
	EndProjectSection
EndProject
Project("{9A19103F-16F7-4668-BE54-9A1E7A4F7556}") = "OpenEventSourcing", "src\OpenEventSourcing\OpenEventSourcing.csproj", "{C79FA4BC-9E6A-420C-AA3D-749CE3D5F08B}"
EndProject
Project("{9A19103F-16F7-4668-BE54-9A1E7A4F7556}") = "OpenEventSourcing.Serialization.Json", "src\OpenEventSourcing.Serialization.Json\OpenEventSourcing.Serialization.Json.csproj", "{8507E13D-488C-452A-BB34-586998973E78}"
EndProject
Project("{2150E333-8FDC-42A3-9474-1A3956D46DE8}") = "tests", "tests", "{3218A606-9764-48A2-95DD-41BC489FF235}"
EndProject
Project("{9A19103F-16F7-4668-BE54-9A1E7A4F7556}") = "OpenEventSourcing.EntityFrameworkCore", "src\OpenEventSourcing.EntityFrameworkCore\OpenEventSourcing.EntityFrameworkCore.csproj", "{70A402D8-9001-4EA4-B3E9-3F0228A8C02F}"
EndProject
Project("{9A19103F-16F7-4668-BE54-9A1E7A4F7556}") = "OpenEventSourcing.EntityFrameworkCore.SqlServer", "src\OpenEventSourcing.EntityFrameworkCore.SqlServer\OpenEventSourcing.EntityFrameworkCore.SqlServer.csproj", "{5CC65146-2B52-481E-A7AD-480426BC5013}"
EndProject
Project("{9A19103F-16F7-4668-BE54-9A1E7A4F7556}") = "OpenEventSourcing.EntityFrameworkCore.Sqlite", "src\OpenEventSourcing.EntityFrameworkCore.Sqlite\OpenEventSourcing.EntityFrameworkCore.Sqlite.csproj", "{55769939-46D0-48E6-A01D-284B07CE871F}"
EndProject
Project("{9A19103F-16F7-4668-BE54-9A1E7A4F7556}") = "OpenEventSourcing.EntityFrameworkCore.Postgres", "src\OpenEventSourcing.EntityFrameworkCore.Postgres\OpenEventSourcing.EntityFrameworkCore.Postgres.csproj", "{744F4FAC-4DFA-47E2-A63F-5FB0091EC65E}"
EndProject
Project("{9A19103F-16F7-4668-BE54-9A1E7A4F7556}") = "OpenEventSourcing.Azure.ServiceBus", "src\OpenEventSourcing.Azure.ServiceBus\OpenEventSourcing.Azure.ServiceBus.csproj", "{ACDE1FC8-EA4E-41EF-B118-0DDC2DD0D0EC}"
EndProject
Project("{9A19103F-16F7-4668-BE54-9A1E7A4F7556}") = "OpenEventSourcing.EntityFrameworkCore.Tests", "tests\OpenEventSourcing.EntityFrameworkCore.Tests\OpenEventSourcing.EntityFrameworkCore.Tests.csproj", "{C1481D60-A9DF-4E26-B626-E290FAA9F076}"
EndProject
Project("{9A19103F-16F7-4668-BE54-9A1E7A4F7556}") = "OpenEventSourcing.EntityFrameworkCore.InMemory", "src\OpenEventSourcing.EntityFrameworkCore.InMemory\OpenEventSourcing.EntityFrameworkCore.InMemory.csproj", "{D9FAC35B-D0E2-443C-9BE7-28C01056DD22}"
EndProject
Project("{9A19103F-16F7-4668-BE54-9A1E7A4F7556}") = "OpenEventSourcing.Tests", "tests\OpenEventSourcing.Tests\OpenEventSourcing.Tests.csproj", "{3A83FF4B-6198-44F3-945B-E396D42CB639}"
EndProject
Project("{9A19103F-16F7-4668-BE54-9A1E7A4F7556}") = "OpenEventSourcing.Serialization.Json.Tests", "tests\OpenEventSourcing.Serialization.Json.Tests\OpenEventSourcing.Serialization.Json.Tests.csproj", "{B977081F-CF7C-4C26-B52F-A1B98C46B8C4}"
EndProject
Project("{9A19103F-16F7-4668-BE54-9A1E7A4F7556}") = "OpenEventSourcing.RabbitMQ", "src\OpenEventSourcing.RabbitMQ\OpenEventSourcing.RabbitMQ.csproj", "{B3616C10-301A-4274-A62A-FC3F66710776}"
EndProject
Project("{2150E333-8FDC-42A3-9474-1A3956D46DE8}") = "samples", "samples", "{12D75424-1715-46BB-9611-3DA2476689B2}"
EndProject
Project("{9A19103F-16F7-4668-BE54-9A1E7A4F7556}") = "OpenEventSourcing.Samples.RabbitMq", "samples\OpenEventSourcing.Samples.RabbitMq\OpenEventSourcing.Samples.RabbitMq.csproj", "{2D10C2AE-4D1F-4FAF-A8BA-8B34A1FF222B}"
EndProject
Project("{9A19103F-16F7-4668-BE54-9A1E7A4F7556}") = "OpenEventSourcing.RabbitMQ.Tests", "tests\OpenEventSourcing.RabbitMQ.Tests\OpenEventSourcing.RabbitMQ.Tests.csproj", "{965EC41C-3B4D-4C87-B778-5B797201F29B}"
EndProject
Project("{9A19103F-16F7-4668-BE54-9A1E7A4F7556}") = "OpenEventSourcing.Testing", "src\OpenEventSourcing.Testing\OpenEventSourcing.Testing.csproj", "{592C3D59-E2C0-4DCB-8DD7-E20BA0C60615}"
EndProject
Global
	GlobalSection(SolutionConfigurationPlatforms) = preSolution
		Debug|Any CPU = Debug|Any CPU
		Release|Any CPU = Release|Any CPU
	EndGlobalSection
	GlobalSection(ProjectConfigurationPlatforms) = postSolution
		{C79FA4BC-9E6A-420C-AA3D-749CE3D5F08B}.Debug|Any CPU.ActiveCfg = Debug|Any CPU
		{C79FA4BC-9E6A-420C-AA3D-749CE3D5F08B}.Debug|Any CPU.Build.0 = Debug|Any CPU
		{C79FA4BC-9E6A-420C-AA3D-749CE3D5F08B}.Release|Any CPU.ActiveCfg = Release|Any CPU
		{C79FA4BC-9E6A-420C-AA3D-749CE3D5F08B}.Release|Any CPU.Build.0 = Release|Any CPU
		{8507E13D-488C-452A-BB34-586998973E78}.Debug|Any CPU.ActiveCfg = Debug|Any CPU
		{8507E13D-488C-452A-BB34-586998973E78}.Debug|Any CPU.Build.0 = Debug|Any CPU
		{8507E13D-488C-452A-BB34-586998973E78}.Release|Any CPU.ActiveCfg = Release|Any CPU
		{8507E13D-488C-452A-BB34-586998973E78}.Release|Any CPU.Build.0 = Release|Any CPU
		{70A402D8-9001-4EA4-B3E9-3F0228A8C02F}.Debug|Any CPU.ActiveCfg = Debug|Any CPU
		{70A402D8-9001-4EA4-B3E9-3F0228A8C02F}.Debug|Any CPU.Build.0 = Debug|Any CPU
		{70A402D8-9001-4EA4-B3E9-3F0228A8C02F}.Release|Any CPU.ActiveCfg = Release|Any CPU
		{70A402D8-9001-4EA4-B3E9-3F0228A8C02F}.Release|Any CPU.Build.0 = Release|Any CPU
		{5CC65146-2B52-481E-A7AD-480426BC5013}.Debug|Any CPU.ActiveCfg = Debug|Any CPU
		{5CC65146-2B52-481E-A7AD-480426BC5013}.Debug|Any CPU.Build.0 = Debug|Any CPU
		{5CC65146-2B52-481E-A7AD-480426BC5013}.Release|Any CPU.ActiveCfg = Release|Any CPU
		{5CC65146-2B52-481E-A7AD-480426BC5013}.Release|Any CPU.Build.0 = Release|Any CPU
		{55769939-46D0-48E6-A01D-284B07CE871F}.Debug|Any CPU.ActiveCfg = Debug|Any CPU
		{55769939-46D0-48E6-A01D-284B07CE871F}.Debug|Any CPU.Build.0 = Debug|Any CPU
		{55769939-46D0-48E6-A01D-284B07CE871F}.Release|Any CPU.ActiveCfg = Release|Any CPU
		{55769939-46D0-48E6-A01D-284B07CE871F}.Release|Any CPU.Build.0 = Release|Any CPU
		{744F4FAC-4DFA-47E2-A63F-5FB0091EC65E}.Debug|Any CPU.ActiveCfg = Debug|Any CPU
		{744F4FAC-4DFA-47E2-A63F-5FB0091EC65E}.Debug|Any CPU.Build.0 = Debug|Any CPU
		{744F4FAC-4DFA-47E2-A63F-5FB0091EC65E}.Release|Any CPU.ActiveCfg = Release|Any CPU
		{744F4FAC-4DFA-47E2-A63F-5FB0091EC65E}.Release|Any CPU.Build.0 = Release|Any CPU
		{ACDE1FC8-EA4E-41EF-B118-0DDC2DD0D0EC}.Debug|Any CPU.ActiveCfg = Debug|Any CPU
		{ACDE1FC8-EA4E-41EF-B118-0DDC2DD0D0EC}.Debug|Any CPU.Build.0 = Debug|Any CPU
		{ACDE1FC8-EA4E-41EF-B118-0DDC2DD0D0EC}.Release|Any CPU.ActiveCfg = Release|Any CPU
		{ACDE1FC8-EA4E-41EF-B118-0DDC2DD0D0EC}.Release|Any CPU.Build.0 = Release|Any CPU
		{C1481D60-A9DF-4E26-B626-E290FAA9F076}.Debug|Any CPU.ActiveCfg = Debug|Any CPU
		{C1481D60-A9DF-4E26-B626-E290FAA9F076}.Debug|Any CPU.Build.0 = Debug|Any CPU
		{C1481D60-A9DF-4E26-B626-E290FAA9F076}.Release|Any CPU.ActiveCfg = Release|Any CPU
		{C1481D60-A9DF-4E26-B626-E290FAA9F076}.Release|Any CPU.Build.0 = Release|Any CPU
		{D9FAC35B-D0E2-443C-9BE7-28C01056DD22}.Debug|Any CPU.ActiveCfg = Debug|Any CPU
		{D9FAC35B-D0E2-443C-9BE7-28C01056DD22}.Debug|Any CPU.Build.0 = Debug|Any CPU
		{D9FAC35B-D0E2-443C-9BE7-28C01056DD22}.Release|Any CPU.ActiveCfg = Release|Any CPU
		{D9FAC35B-D0E2-443C-9BE7-28C01056DD22}.Release|Any CPU.Build.0 = Release|Any CPU
		{3A83FF4B-6198-44F3-945B-E396D42CB639}.Debug|Any CPU.ActiveCfg = Debug|Any CPU
		{3A83FF4B-6198-44F3-945B-E396D42CB639}.Debug|Any CPU.Build.0 = Debug|Any CPU
		{3A83FF4B-6198-44F3-945B-E396D42CB639}.Release|Any CPU.ActiveCfg = Release|Any CPU
		{3A83FF4B-6198-44F3-945B-E396D42CB639}.Release|Any CPU.Build.0 = Release|Any CPU
		{B977081F-CF7C-4C26-B52F-A1B98C46B8C4}.Debug|Any CPU.ActiveCfg = Debug|Any CPU
		{B977081F-CF7C-4C26-B52F-A1B98C46B8C4}.Debug|Any CPU.Build.0 = Debug|Any CPU
		{B977081F-CF7C-4C26-B52F-A1B98C46B8C4}.Release|Any CPU.ActiveCfg = Release|Any CPU
		{B977081F-CF7C-4C26-B52F-A1B98C46B8C4}.Release|Any CPU.Build.0 = Release|Any CPU
		{B3616C10-301A-4274-A62A-FC3F66710776}.Debug|Any CPU.ActiveCfg = Debug|Any CPU
		{B3616C10-301A-4274-A62A-FC3F66710776}.Debug|Any CPU.Build.0 = Debug|Any CPU
		{B3616C10-301A-4274-A62A-FC3F66710776}.Release|Any CPU.ActiveCfg = Release|Any CPU
		{B3616C10-301A-4274-A62A-FC3F66710776}.Release|Any CPU.Build.0 = Release|Any CPU
		{2D10C2AE-4D1F-4FAF-A8BA-8B34A1FF222B}.Debug|Any CPU.ActiveCfg = Debug|Any CPU
		{2D10C2AE-4D1F-4FAF-A8BA-8B34A1FF222B}.Debug|Any CPU.Build.0 = Debug|Any CPU
		{2D10C2AE-4D1F-4FAF-A8BA-8B34A1FF222B}.Release|Any CPU.ActiveCfg = Release|Any CPU
		{2D10C2AE-4D1F-4FAF-A8BA-8B34A1FF222B}.Release|Any CPU.Build.0 = Release|Any CPU
		{965EC41C-3B4D-4C87-B778-5B797201F29B}.Debug|Any CPU.ActiveCfg = Debug|Any CPU
		{965EC41C-3B4D-4C87-B778-5B797201F29B}.Debug|Any CPU.Build.0 = Debug|Any CPU
		{965EC41C-3B4D-4C87-B778-5B797201F29B}.Release|Any CPU.ActiveCfg = Release|Any CPU
		{965EC41C-3B4D-4C87-B778-5B797201F29B}.Release|Any CPU.Build.0 = Release|Any CPU
		{592C3D59-E2C0-4DCB-8DD7-E20BA0C60615}.Debug|Any CPU.ActiveCfg = Debug|Any CPU
		{592C3D59-E2C0-4DCB-8DD7-E20BA0C60615}.Debug|Any CPU.Build.0 = Debug|Any CPU
		{592C3D59-E2C0-4DCB-8DD7-E20BA0C60615}.Release|Any CPU.ActiveCfg = Release|Any CPU
		{592C3D59-E2C0-4DCB-8DD7-E20BA0C60615}.Release|Any CPU.Build.0 = Release|Any CPU
	EndGlobalSection
	GlobalSection(SolutionProperties) = preSolution
		HideSolutionNode = FALSE
	EndGlobalSection
	GlobalSection(NestedProjects) = preSolution
		{C79FA4BC-9E6A-420C-AA3D-749CE3D5F08B} = {3CBD4825-7561-4ADA-95A4-5DF203BBEEAA}
		{8507E13D-488C-452A-BB34-586998973E78} = {3CBD4825-7561-4ADA-95A4-5DF203BBEEAA}
		{70A402D8-9001-4EA4-B3E9-3F0228A8C02F} = {3CBD4825-7561-4ADA-95A4-5DF203BBEEAA}
		{5CC65146-2B52-481E-A7AD-480426BC5013} = {3CBD4825-7561-4ADA-95A4-5DF203BBEEAA}
		{55769939-46D0-48E6-A01D-284B07CE871F} = {3CBD4825-7561-4ADA-95A4-5DF203BBEEAA}
		{744F4FAC-4DFA-47E2-A63F-5FB0091EC65E} = {3CBD4825-7561-4ADA-95A4-5DF203BBEEAA}
		{ACDE1FC8-EA4E-41EF-B118-0DDC2DD0D0EC} = {3CBD4825-7561-4ADA-95A4-5DF203BBEEAA}
		{C1481D60-A9DF-4E26-B626-E290FAA9F076} = {3218A606-9764-48A2-95DD-41BC489FF235}
		{D9FAC35B-D0E2-443C-9BE7-28C01056DD22} = {3CBD4825-7561-4ADA-95A4-5DF203BBEEAA}
		{3A83FF4B-6198-44F3-945B-E396D42CB639} = {3218A606-9764-48A2-95DD-41BC489FF235}
		{B977081F-CF7C-4C26-B52F-A1B98C46B8C4} = {3218A606-9764-48A2-95DD-41BC489FF235}
		{B3616C10-301A-4274-A62A-FC3F66710776} = {3CBD4825-7561-4ADA-95A4-5DF203BBEEAA}
		{2D10C2AE-4D1F-4FAF-A8BA-8B34A1FF222B} = {12D75424-1715-46BB-9611-3DA2476689B2}
		{965EC41C-3B4D-4C87-B778-5B797201F29B} = {3218A606-9764-48A2-95DD-41BC489FF235}
		{592C3D59-E2C0-4DCB-8DD7-E20BA0C60615} = {3CBD4825-7561-4ADA-95A4-5DF203BBEEAA}
	EndGlobalSection
	GlobalSection(ExtensibilityGlobals) = postSolution
		SolutionGuid = {0F3B61AD-0A13-4D2D-BD99-E90606951CB2}
	EndGlobalSection
EndGlobal
